{
  "name": "@unlogger/bugsnag",
  "version": "1.0.1",
  "lockfileVersion": 1,
  "requires": true,
  "dependencies": {
    "@bugsnag/browser": {
      "version": "7.1.1",
      "resolved": "https://registry.npmjs.org/@bugsnag/browser/-/browser-7.1.1.tgz",
      "integrity": "sha512-9LjNsSVhnHizEtixPa8XnB1LYWAfdSf7spKwVW8UBBt1yfa9h/q0AhU6CrxEPi/uehkQaHx5k/2ZvaMP5G5SAA==",
      "requires": {
        "@bugsnag/core": "^7.1.1"
      }
    },
    "@bugsnag/core": {
      "version": "7.1.1",
      "resolved": "https://registry.npmjs.org/@bugsnag/core/-/core-7.1.1.tgz",
      "integrity": "sha512-PWj2JQJIIbv4lP1YBR88hA9fS3UbGLwn+1ZxxUK5xxcUbTpViMIaoMGdQflfxHh7xfH6YmtwgA5mg2zDZGHCBw==",
      "requires": {
        "@bugsnag/cuid": "^3.0.0",
        "@bugsnag/safe-json-stringify": "^5.0.0",
        "error-stack-parser": "^2.0.3",
        "iserror": "0.0.2",
        "stack-generator": "^2.0.3"
      }
    },
    "@bugsnag/cuid": {
      "version": "3.0.0",
      "resolved": "https://registry.npmjs.org/@bugsnag/cuid/-/cuid-3.0.0.tgz",
      "integrity": "sha512-LOt8aaBI+KvOQGneBtpuCz3YqzyEAehd1f3nC5yr9TIYW1+IzYKa2xWS4EiMz5pPOnRPHkyyS5t/wmSmN51Gjg=="
    },
    "@bugsnag/js": {
      "version": "7.1.1",
      "resolved": "https://registry.npmjs.org/@bugsnag/js/-/js-7.1.1.tgz",
      "integrity": "sha512-pa7d3kRt398hvrhjKvEzMBKE+m1JOJpwW7c8+Btu6HrjCxBcLj7SeSzzN2mbDmT/DfPU4hjeZ+oXGTWVWjUkgQ==",
      "requires": {
        "@bugsnag/browser": "^7.1.1",
        "@bugsnag/node": "^7.1.1"
      }
    },
    "@bugsnag/node": {
      "version": "7.1.1",
      "resolved": "https://registry.npmjs.org/@bugsnag/node/-/node-7.1.1.tgz",
      "integrity": "sha512-1ciecltpLBfr1kPTrSoHt8umPDZXxHAWdgVE1jx4QyTl1+e5WIpMvp5cs36jisIR+dbOKBB5Y3hgv6VOX5u50A==",
      "requires": {
        "@bugsnag/core": "^7.1.1",
        "byline": "^5.0.0",
        "error-stack-parser": "^2.0.2",
        "iserror": "^0.0.2",
        "pump": "^3.0.0",
        "stack-generator": "^2.0.3"
      }
    },
    "@bugsnag/safe-json-stringify": {
      "version": "5.0.0",
      "resolved": "https://registry.npmjs.org/@bugsnag/safe-json-stringify/-/safe-json-stringify-5.0.0.tgz",
      "integrity": "sha512-EdGnA7n2UmX9Z0e2tIU0biKz8tCgtjbY69KoyH3yiMzm7Q9sriIlN9bZjqhTOKzM0GdLSGrkyKWif08xWKyucA=="
    },
    "byline": {
      "version": "5.0.0",
      "resolved": "https://registry.npmjs.org/byline/-/byline-5.0.0.tgz",
      "integrity": "sha1-dBxSFkaOrcRXsDQQEYrXfejB3bE="
    },
    "end-of-stream": {
      "version": "1.4.4",
      "resolved": "https://registry.npmjs.org/end-of-stream/-/end-of-stream-1.4.4.tgz",
      "integrity": "sha512-+uw1inIHVPQoaVuHzRyXd21icM+cnt4CzD5rW+NC1wjOUSTOs+Te7FOv7AhN7vS9x/oIyhLP5PR1H+phQAHu5Q==",
      "requires": {
        "once": "^1.4.0"
      }
    },
    "error-stack-parser": {
      "version": "2.0.6",
      "resolved": "https://registry.npmjs.org/error-stack-parser/-/error-stack-parser-2.0.6.tgz",
      "integrity": "sha512-d51brTeqC+BHlwF0BhPtcYgF5nlzf9ZZ0ZIUQNZpc9ZB9qw5IJ2diTrBY9jlCJkTLITYPjmiX6OWCwH+fuyNgQ==",
      "requires": {
        "stackframe": "^1.1.1"
      }
    },
    "iserror": {
      "version": "0.0.2",
      "resolved": "https://registry.npmjs.org/iserror/-/iserror-0.0.2.tgz",
      "integrity": "sha1-vVNFH+L2aLnyQCwZZnh6qix8C/U="
    },
    "once": {
      "version": "1.4.0",
      "resolved": "https://registry.npmjs.org/once/-/once-1.4.0.tgz",
      "integrity": "sha1-WDsap3WWHUsROsF9nFC6753Xa9E=",
      "requires": {
        "wrappy": "1"
      }
    },
    "pump": {
      "version": "3.0.0",
      "resolved": "https://registry.npmjs.org/pump/-/pump-3.0.0.tgz",
      "integrity": "sha512-LwZy+p3SFs1Pytd/jYct4wpv49HiYCqd9Rlc5ZVdk0V+8Yzv6jR5Blk3TRmPL1ft69TxP0IMZGJ+WPFU2BFhww==",
      "requires": {
        "end-of-stream": "^1.1.0",
        "once": "^1.3.1"
      }
    },
    "stack-generator": {
      "version": "2.0.5",
      "resolved": "https://registry.npmjs.org/stack-generator/-/stack-generator-2.0.5.tgz",
      "integrity": "sha512-/t1ebrbHkrLrDuNMdeAcsvynWgoH/i4o8EGGfX7dEYDoTXOYVAkEpFdtshlvabzc6JlJ8Kf9YdFEoz7JkzGN9Q==",
      "requires": {
        "stackframe": "^1.1.1"
      }
    },
    "stackframe": {
      "version": "1.2.0",
      "resolved": "https://registry.npmjs.org/stackframe/-/stackframe-1.2.0.tgz",
      "integrity": "sha512-GrdeshiRmS1YLMYgzF16olf2jJ/IzxXY9lhKOskuVziubpTYcYqyOwYeJKzQkwy7uN0fYSsbsC4RQaXf9LCrYA=="
    },
    "unlogger": {
      "version": "2.1.0",
      "resolved": "https://registry.npmjs.org/unlogger/-/unlogger-2.1.0.tgz",
      "integrity": "sha512-n0FVQajkNRlckmU+gZCPPlMbJ493nsP/Soy9ANrfyHXyXK+8e0AqMxUrwOtou+CEyXDIIWZxNqrOs/UEr8tRGA=="
    },
    "wrappy": {
      "version": "1.0.2",
      "resolved": "https://registry.npmjs.org/wrappy/-/wrappy-1.0.2.tgz",
      "integrity": "sha1-tSQ9jz7BqjXxNkYFvA0QNuMKtp8="
    }
  }
}
